
Microsoft Visual Studio Solution File, Format Version 12.00
# Visual Studio Version 17
VisualStudioVersion = 17.9.34728.123
MinimumVisualStudioVersion = 10.0.40219.1
Project("{FAE04EC0-301F-11D3-BF4B-00C04F79EFBC}") = "OOP2-Spotivy", "OOP2-Spotivy.csproj", "{98CF748B-0D08-414B-8A53-82A0C30825DA}"
EndProject
Global
	GlobalSection(SolutionConfigurationPlatforms) = preSolution
		Debug|Any CPU = Debug|Any CPU
		Release|Any CPU = Release|Any CPU
	EndGlobalSection
	GlobalSection(ProjectConfigurationPlatforms) = postSolution
		{98CF748B-0D08-414B-8A53-82A0C30825DA}.Debug|Any CPU.ActiveCfg = Debug|Any CPU
		{98CF748B-0D08-414B-8A53-82A0C30825DA}.Debug|Any CPU.Build.0 = Debug|Any CPU
		{98CF748B-0D08-414B-8A53-82A0C30825DA}.Release|Any CPU.ActiveCfg = Release|Any CPU
		{98CF748B-0D08-414B-8A53-82A0C30825DA}.Release|Any CPU.Build.0 = Release|Any CPU
	EndGlobalSection
	GlobalSection(SolutionProperties) = preSolution
		HideSolutionNode = FALSE
	EndGlobalSection
	GlobalSection(ExtensibilityGlobals) = postSolution
		SolutionGuid = {B1C2FF48-8CB9-4BC5-83F5-9870E375742C}
	EndGlobalSection
EndGlobal
